
Microsoft Visual Studio Solution File, Format Version 12.00
# Visual Studio Version 16
VisualStudioVersion = 16.0.28809.33
MinimumVisualStudioVersion = 10.0.40219.1
Project("{FAE04EC0-301F-11D3-BF4B-00C04F79EFBC}") = "Kirovpper", "Kirovpper\Kirovpper.csproj", "{07D65B1D-DB92-41F0-8F6E-E12813539CB9}"
EndProject
Global
	GlobalSection(SolutionConfigurationPlatforms) = preSolution
		Debug|Any CPU = Debug|Any CPU
		Release|Any CPU = Release|Any CPU
	EndGlobalSection
	GlobalSection(ProjectConfigurationPlatforms) = postSolution
		{07D65B1D-DB92-41F0-8F6E-E12813539CB9}.Debug|Any CPU.ActiveCfg = Debug|Any CPU
		{07D65B1D-DB92-41F0-8F6E-E12813539CB9}.Debug|Any CPU.Build.0 = Debug|Any CPU
		{07D65B1D-DB92-41F0-8F6E-E12813539CB9}.Release|Any CPU.ActiveCfg = Release|Any CPU
		{07D65B1D-DB92-41F0-8F6E-E12813539CB9}.Release|Any CPU.Build.0 = Release|Any CPU
	EndGlobalSection
	GlobalSection(SolutionProperties) = preSolution
		HideSolutionNode = FALSE
	EndGlobalSection
	GlobalSection(ExtensibilityGlobals) = postSolution
		SolutionGuid = {06FA779B-479D-4EF5-860E-E0800F9652E5}
	EndGlobalSection
EndGlobal
